{
  "requires": true,
  "lockfileVersion": 1,
  "dependencies": {
    "@ionic-native/calendar": {
      "version": "4.20.0",
      "resolved": "https://registry.npmjs.org/@ionic-native/calendar/-/calendar-4.20.0.tgz",
      "integrity": "sha512-38BT4B5/wkYrFhH0/yTSeFmZtdKNcrKvUACCCf2Wyn9spGTUX5lC0fmuydeNRQQlvmFITMcJwnhYmpHOLQRzvQ=="
    },
    "ion2-calendar": {
      "version": "3.0.0-rc.0",
      "resolved": "https://registry.npmjs.org/ion2-calendar/-/ion2-calendar-3.0.0-rc.0.tgz",
      "integrity": "sha512-OOq1cCY8v4K6lKiHKHK7T6kmr+H1AuVY0xH3WmCAQGNhjevHbRlGgRDA1l0a9KOuPtojfepb1ChbT7JuVO1ofw=="
    },
    "moment": {
      "version": "2.25.3",
      "resolved": "https://registry.npmjs.org/moment/-/moment-2.25.3.tgz",
      "integrity": "sha512-PuYv0PHxZvzc15Sp8ybUCoQ+xpyPWvjOuK72a5ovzp2LI32rJXOiIfyoFoYvG3s6EwwrdkMyWuRiEHSZRLJNdg=="
    }
  }
}
